
Microsoft Visual Studio Solution File, Format Version 12.00
# Visual Studio 15
VisualStudioVersion = 15.0.28307.572
MinimumVisualStudioVersion = 10.0.40219.1
Project("{FAE04EC0-301F-11D3-BF4B-00C04F79EFBC}") = "Multi-Binary", "Multi-Binary\Multi-Binary.csproj", "{628335F1-1F0C-4C4F-95EC-1C0F3672FF14}"
EndProject
Global
	GlobalSection(SolutionConfigurationPlatforms) = preSolution
		Debug|Any CPU = Debug|Any CPU
		Release|Any CPU = Release|Any CPU
	EndGlobalSection
	GlobalSection(ProjectConfigurationPlatforms) = postSolution
		{628335F1-1F0C-4C4F-95EC-1C0F3672FF14}.Debug|Any CPU.ActiveCfg = Debug|Any CPU
		{628335F1-1F0C-4C4F-95EC-1C0F3672FF14}.Debug|Any CPU.Build.0 = Debug|Any CPU
		{628335F1-1F0C-4C4F-95EC-1C0F3672FF14}.Release|Any CPU.ActiveCfg = Release|Any CPU
		{628335F1-1F0C-4C4F-95EC-1C0F3672FF14}.Release|Any CPU.Build.0 = Release|Any CPU
	EndGlobalSection
	GlobalSection(SolutionProperties) = preSolution
		HideSolutionNode = FALSE
	EndGlobalSection
	GlobalSection(ExtensibilityGlobals) = postSolution
		SolutionGuid = {59EB487A-99C4-461B-8D19-76E5CD74441D}
	EndGlobalSection
EndGlobal
